
Microsoft Visual Studio Solution File, Format Version 12.00
# Visual Studio Version 17
VisualStudioVersion = 17.14.36327.8 d17.14
MinimumVisualStudioVersion = 10.0.40219.1
Project("{FAE04EC0-301F-11D3-BF4B-00C04F79EFBC}") = "MyPortfolio", "MyPortfolio.csproj", "{0514B2B4-B46D-493C-83AF-EA9B03731114}"
EndProject
Global
	GlobalSection(SolutionConfigurationPlatforms) = preSolution
		Debug|Any CPU = Debug|Any CPU
		Release|Any CPU = Release|Any CPU
	EndGlobalSection
	GlobalSection(ProjectConfigurationPlatforms) = postSolution
		{0514B2B4-B46D-493C-83AF-EA9B03731114}.Debug|Any CPU.ActiveCfg = Debug|Any CPU
		{0514B2B4-B46D-493C-83AF-EA9B03731114}.Debug|Any CPU.Build.0 = Debug|Any CPU
		{0514B2B4-B46D-493C-83AF-EA9B03731114}.Release|Any CPU.ActiveCfg = Release|Any CPU
		{0514B2B4-B46D-493C-83AF-EA9B03731114}.Release|Any CPU.Build.0 = Release|Any CPU
	EndGlobalSection
	GlobalSection(SolutionProperties) = preSolution
		HideSolutionNode = FALSE
	EndGlobalSection
	GlobalSection(ExtensibilityGlobals) = postSolution
		SolutionGuid = {55E53750-8C54-4D30-826C-222F54E769AD}
	EndGlobalSection
EndGlobal
